---
lockfileVersion: '9.0'

importers:

  .:
    configDependencies: {}
    packageManagerDependencies:
      pnpm:
        specifier: 12.4.2
        version: 12.4.2

packages:

  '@pnpm/exe.android-arm64@12.4.2':
    resolution: {integrity: sha512-E255MbcQ0V1577M2BV0ajWuP7KmTPYA0jqZnk3rK6Lq3kTvZWulMMb7iqRmnLsQbyWTkMEB2CfyM70loVDA8xg==}
    cpu: [arm64]
    os: [android]

  '@pnpm/exe.android-x64@12.4.2':
    resolution: {integrity: sha512-J1pSeCUwuKxMG70ZzpWn8JzElxiEa8NN/3N0SlZRtU2xbztChaJCKF3HaBNIj9yPfeofWzJo/lwNvDDjraQuZw==}
    cpu: [x64]
    os: [android]

  '@pnpm/exe.darwin-arm64@12.4.2':
    resolution: {integrity: sha512-A0WDo8iErfZBXgrLseQxw8i8Y9ctUpOEl/Uu+cubnTzpD8tT9ykIB548L8YTM2WD4OS+ZOHSxy8aGZcvKq8PaQ==}
    cpu: [arm64]
    os: [darwin]

  '@pnpm/exe.darwin-x64@12.4.2':
    resolution: {integrity: sha512-MSgJdovBWHcb5DEOvfPH9yNi/T5O1Xa4ess+E1ESGo/5yuty7S4JoiIjami+fsNXfnoQMlwsMUqYU4zAvBcNCw==}
    cpu: [x64]
    os: [darwin]

  '@pnpm/exe.freebsd-x64@12.4.2':
    resolution: {integrity: sha512-h2YumlQSNvgbRPv+RXwABohX65f9bOBZn+jMIt7bFDISZPCzQ+Nvpt6Awbp4ip5PwQgYxbu5iREJ1fHE39Fm8A==}
    cpu: [x64]
    os: [freebsd]

  '@pnpm/exe.linux-arm64-musl@12.4.2':
    resolution: {integrity: sha512-LwSEtSEDTv6S51YLs3YvSkPyun/QmfMic1UGICUkPWFu6ByP43RdMlkKvmVkfGhAYCpnxO057vrmyJqtfZrPCA==}
    cpu: [arm64]
    os: [linux]
    libc: [musl]

  '@pnpm/exe.linux-arm64@12.4.2':
    resolution: {integrity: sha512-2dSiDXyhx+RTHsewxex8f/jVjqQXWJ2oow4kCVHEWdZKeBpgMxvZ6fHkTAUBJXgqhbKIDHvuNlZBP7gJfUWL5A==}
    cpu: [arm64]
    os: [linux]
    libc: [glibc]

  '@pnpm/exe.linux-ppc64@12.4.2':
    resolution: {integrity: sha512-8Itc+jQk+MTz04LS9D1RcH+VctAWmzM4l1cJQ+Sx7pAJNo7EKHdRMbC0Tok1jyQ7eEHNJZD5EleYneZqWfZM+g==}
    cpu: [ppc64]
    os: [linux]
    libc: [glibc]

  '@pnpm/exe.linux-riscv64@12.4.2':
    resolution: {integrity: sha512-hleOeqhTVpH+z9RVMGnxvU4ZnrkBUClWjCbHD9u6kwyqhGSpevoU1wTGish+CBRhmIgMAy9pAfFpqhbAKOKNfw==}
    cpu: [riscv64]
    os: [linux]
    libc: [glibc]

  '@pnpm/exe.linux-s390x@12.4.2':
    resolution: {integrity: sha512-LAsQRRdP9aToENR6dtcIJ9l+e1zMYOX0tQcLGpRyLPVBQcYRLlvAPcmDshsiIHQjp05SDa9FI0czX1ZQ1a7a/A==}
    cpu: [s390x]
    os: [linux]
    libc: [glibc]

  '@pnpm/exe.linux-x64-musl@12.4.2':
    resolution: {integrity: sha512-kzfzH2/0BWdTABK14Yj5a1xsdkTEQUp2eXEPNakaD9jKL025lq3hyaKHIz/gIZaPDMe/1bFFK/En4ztFlbBJxw==}
    cpu: [x64]
    os: [linux]
    libc: [musl]

  '@pnpm/exe.linux-x64@12.4.2':
    resolution: {integrity: sha512-/pbt0UVTa8NMDhzOWLQRfZ6G9ROKXlJPZtx845BqyWfc7hCrWXhTLBd70yO2y8+E+IWN3oHM1s/JsIQNGk1yvg==}
    cpu: [x64]
    os: [linux]
    libc: [glibc]

  '@pnpm/exe.win32-arm64@12.4.2':
    resolution: {integrity: sha512-PsW19e4dAUNpZ0cS9flaxFuAmpt2dKlH/Vvi8TZ4qyJjjQzue/CEsWm+6wKVP4CJ7IT8RdL4qh+soOPWIgF2Zw==}
    cpu: [arm64]
    os: [win32]

  '@pnpm/exe.win32-x64@12.4.2':
    resolution: {integrity: sha512-+xGoeE0g55ztWvl8i5QqdmNfW3nIrTVcoQrNshEOwxthm9Ag48oXton3uxOA3/SANyz5AXexEjj2KO20NnOrEw==}
    cpu: [x64]
    os: [win32]

  pnpm@12.4.2:
    resolution: {integrity: sha512-CK3GYTGAJ1x8ntraOdzwjJxhrU5+rzMKTzRh8QKw+QdCNFTRF/mOctR/7wYWBwZE17/8lzpqV/UJCm18NosHyQ==}
    engines: {node: '>=18.*'}
    hasBin: true

snapshots:

  '@pnpm/exe.android-arm64@12.4.2':
    optional: true

  '@pnpm/exe.android-x64@12.4.2':
    optional: true

  '@pnpm/exe.darwin-arm64@12.4.2':
    optional: true

  '@pnpm/exe.darwin-x64@12.4.2':
    optional: true

  '@pnpm/exe.freebsd-x64@12.4.2':
    optional: true

  '@pnpm/exe.linux-arm64-musl@12.4.2':
    optional: true

  '@pnpm/exe.linux-arm64@12.4.2':
    optional: true

  '@pnpm/exe.linux-ppc64@12.4.2':
    optional: true

  '@pnpm/exe.linux-riscv64@12.4.2':
    optional: true

  '@pnpm/exe.linux-s390x@12.4.2':
    optional: true

  '@pnpm/exe.linux-x64-musl@12.4.2':
    optional: true

  '@pnpm/exe.linux-x64@12.4.2':
    optional: true

  '@pnpm/exe.win32-arm64@12.4.2':
    optional: true

  '@pnpm/exe.win32-x64@12.4.2':
    optional: true

  pnpm@12.4.2:
    optionalDependencies:
      '@pnpm/exe.android-arm64': 12.4.2
      '@pnpm/exe.android-x64': 12.4.2
      '@pnpm/exe.darwin-arm64': 12.4.2
      '@pnpm/exe.darwin-x64': 12.4.2
      '@pnpm/exe.freebsd-x64': 12.4.2
      '@pnpm/exe.linux-arm64': 12.4.2
      '@pnpm/exe.linux-arm64-musl': 12.4.2
      '@pnpm/exe.linux-ppc64': 12.4.2
      '@pnpm/exe.linux-riscv64': 12.4.2
      '@pnpm/exe.linux-s390x': 12.4.2
      '@pnpm/exe.linux-x64': 12.4.2
      '@pnpm/exe.linux-x64-musl': 12.4.2
      '@pnpm/exe.win32-arm64': 12.4.2
      '@pnpm/exe.win32-x64': 12.4.2

---
lockfileVersion: '9.0'

settings:
  autoInstallPeers: true
  excludeLinksFromLockfile: false

importers:

  .:
    dependencies:
      bash-language-server:
        specifier: 5.7.0
        version: 5.7.0
      vscode-languageclient:
        specifier: 8.1.0
        version: 8.1.0
      vscode-languageserver:
        specifier: 8.1.0
        version: 8.1.0
    devDependencies:
      '@types/vscode':
        specifier: ^1.44.0
        version: 1.138.0

packages:

  '@mixmark-io/domino@2.2.0':
    resolution: {integrity: sha512-Y28PR25bHXUg88kCV7nivXrP2Nj2RueZ3/l/jdx6J9f8J4nsEGcgX0Qe6lt7Pa+J79+kPiJU3LguR6O/6zrLOw==}

  '@nodelib/fs.scandir@2.1.5':
    resolution: {integrity: sha512-vq24Bq3ym5HEQm2NKCr3yXDwjc7vTsEThRDnkp2DK9p1uqLR+DHurm/NOTo0KG7HYHU7eppKZj3MyqYuMBf62g==}
    engines: {node: '>= 8'}

  '@nodelib/fs.stat@2.0.5':
    resolution: {integrity: sha512-RkhPPp2zrqDAQA/2jNhnztcPAlv64XdhIp7a7454A5ovI7Bukxgt7MX7udwAu3zg1DcpPU0rz3VV1SeaqvY4+A==}
    engines: {node: '>= 8'}

  '@nodelib/fs.walk@1.2.8':
    resolution: {integrity: sha512-oGB+UxlgWcgQkgwo8GcEGwemoTFt3FIO9ababBmaGwXIoBKZ+GTy0pP185beGg7Llih/NSHSV2XAs1lnznocSg==}
    engines: {node: '>= 8'}

  '@one-ini/wasm@0.2.1':
    resolution: {integrity: sha512-TUqERXGNTifZ9y2g3wPxQrw3HpHv/02DsW3D90T9x0hhonrL1ZqpSmNrU2XkoIq0fP1N6gZfVQzy2Fw1ZvGBNg==}

  '@types/vscode@1.138.0':
    resolution: {integrity: sha512-DhlvrucJa8n6EHst7qQcXOcjLKs/VRTQy55plLO+RN74jonYsr/t9dd66zBnAyz1tpDig0okQAxuoPHpVNje2g==}

  balanced-match@1.0.2:
    resolution: {integrity: sha512-3oSeUO0TMV67hN1AmbXsK4yaqU7tjiHlbxRDZOpH0KW9+CeX4bRAaX0Anxt0tx2MrpRpWwQaPwIlISEJhYU5Pw==}

  balanced-match@4.0.4:
    resolution: {integrity: sha512-BLrgEcRTwX2o6gGxGOCNyMvGSp35YofuYzw9h1IMTRmKqttAZZVU67bdb9Pr2vUHA8+j3i2tJfjO6C6+4myGTA==}
    engines: {node: 18 || 20 || >=22}

  bash-language-server@5.7.0:
    resolution: {integrity: sha512-EkmzDRKhIWxVKcOAfkMPxFdYW32qrWjtPR3/DJb4PtZTzNRKhLcdy0uTJFTbcQwWLaXCcOX2TrWkK3juo9FCPA==}
    engines: {node: '>=20'}
    hasBin: true

  brace-expansion@2.1.7:
    resolution: {integrity: sha512-uZbew1NqdmPDTMJ8ah1y+b+9QEJrfkXFk3RcTQw3X0jW/xRUvFKsg1CfQdSYGdTbXZWExtU3J3ccxtnfw1Fi0g==}

  brace-expansion@5.0.12:
    resolution: {integrity: sha512-YovQ3rzhaLMIrDjNDMkNS01tea93qhEhG5xy8f6+R0l+dw3Ki+5sCoIoI942iuLZTHWogWktgwVDhU09iNEimQ==}
    engines: {node: 20 || >=22}

  braces@3.0.3:
    resolution: {integrity: sha512-yQbXgO/OSZVD2IsiLlro+7Hf6Q18EJrKSEsdoMzKePKXct3gvD8oLcOQdIzGupr5Fj+EDe8gO/lxc1BzfMpxvA==}
    engines: {node: '>=8'}

  commander@14.0.3:
    resolution: {integrity: sha512-H+y0Jo/T1RZ9qPP4Eh1pkcQcLRglraJaSLoyOtHxu6AapkjWVCy2Sit1QQ4x3Dng8qDlSsZEet7g5Pq06MvTgw==}
    engines: {node: '>=20'}

  editorconfig@3.0.2:
    resolution: {integrity: sha512-T0ix8GhtxyKVfUFEcvdNDt3YGqlwkFHbD4/5bgFUDgFmxhI/cSRAeJ87/Sz//Cq8Eam6JX/e23RkoFO71P7aAA==}
    engines: {node: '>=20'}
    hasBin: true

  fast-glob@3.3.3:
    resolution: {integrity: sha512-7MptL8U0cqcFdzIzwOTHoilX9x5BrNqye7Z/LuC7kCMRio1EMSyqRK3BEAUD7sXRq4iT4AzTVuZdhgQ2TCvYLg==}
    engines: {node: '>=8.6.0'}

  fastq@1.15.0:
    resolution: {integrity: sha512-wBrocU2LCXXa+lWBt8RoIRD89Fi8OdABODa/kEnyeyjS5aZO5/GNvI5sEINADqP/h8M29UHTHUb53sUu5Ihqdw==}

  fill-range@7.1.1:
    resolution: {integrity: sha512-YsGpe3WHLK8ZYi4tWDg2Jy3ebRz2rXowDxnld4bkQB00cc/1Zw9AWnC0i9ztDJitivtQvaI9KaLyKrc+hBW0yg==}
    engines: {node: '>=8'}

  fuzzy-search@3.2.1:
    resolution: {integrity: sha512-vAcPiyomt1ioKAsAL2uxSABHJ4Ju/e4UeDM+g1OlR0vV4YhLGMNsdLNvZTpEDY4JCSt0E4hASCNM5t2ETtsbyg==}

  glob-parent@5.1.2:
    resolution: {integrity: sha512-AOIgSQCepiJYwP3ARnGx+5VnTu2HBYdzbGP45eLw1vr3zB3vZLeyed1sC9hnbcOc9/SrMyM5RPQrkGz4aS9Zow==}
    engines: {node: '>= 6'}

  is-extglob@2.1.1:
    resolution: {integrity: sha512-SbKbANkN603Vi4jEZv49LeVJMn4yGwsbzZworEoyEiutsN3nJYdbO36zfhGJ6QEDpOZIFkDtnq5JRxmvl3jsoQ==}
    engines: {node: '>=0.10.0'}

  is-glob@4.0.3:
    resolution: {integrity: sha512-xelSayHH36ZgE7ZWhli7pW34hNbNl8Ojv5KVmkJD4hBdD3th8Tfk9vYasLM+mXWOZhFkgZfxhLSnrwRr4elSSg==}
    engines: {node: '>=0.10.0'}

  is-number@7.0.0:
    resolution: {integrity: sha512-41Cifkg6e8TylSpdtTpeLVMqvSBEVzTttHvERD741+pnZ8ANv0004MRL43QKPDlK9cGvNp6NZWZUBlbGXYxxng==}
    engines: {node: '>=0.12.0'}

  lru-cache@6.0.0:
    resolution: {integrity: sha512-Jo6dJ04CmSjuznwJSS3pUeWmd/H0ffTlkXXgwZi+eq1UCmqQwCh+eLsYOYCwY991i2Fah4h1BEMCx4qThGbsiA==}
    engines: {node: '>=10'}

  merge2@1.4.1:
    resolution: {integrity: sha512-8q7VEgMJW4J8tcfVPy8g09NcQwZdbwFEqhe/WZkoIzjn/3TGDwtOCYtXGxA3O8tPzpczCCDgv+P2P5y00ZJOOg==}
    engines: {node: '>= 8'}

  micromatch@4.0.8:
    resolution: {integrity: sha512-PXwfBhYu0hBCPw8Dn0E+WDYb7af3dSLVWKi3HGv84IdF4TyFoC0ysxFd0Goxw7nSv4T/PzEJQxsYsEiFCKo2BA==}
    engines: {node: '>=8.6'}

  minimatch@10.2.6:
    resolution: {integrity: sha512-vpLQEs+VLCr1nU0BXS07maYoFwlDAH0gngQuuttxIwutDFEMHq2blX+8vpgxDdK3J1PwjCJiep77OitTZ4Ll1A==}
    engines: {node: 18 || 20 || >=22}

  minimatch@5.1.9:
    resolution: {integrity: sha512-7o1wEA2RyMP7Iu7GNba9vc0RWWGACJOCZBJX2GJWip0ikV+wcOsgVuY9uE8CPiyQhkGFSlhuSkZPavN7u1c2Fw==}
    engines: {node: '>=10'}

  picomatch@2.3.2:
    resolution: {integrity: sha512-V7+vQEJ06Z+c5tSye8S+nHUfI51xoXIXjHQ99cQtKUkQqqO1kO/KCJUfZXuB47h/YBlDhah2H3hdUGXn8ie0oA==}
    engines: {node: '>=8.6'}

  queue-microtask@1.2.3:
    resolution: {integrity: sha512-NuaNSa6flKT5JaSYQzJok04JzTL1CA6aGhv5rfLW3PgqA+M2ChpZQnAC8h8i4ZFkBS8X5RqkDBHA7r4hej3K9A==}

  reusify@1.0.4:
    resolution: {integrity: sha512-U9nH88a3fc/ekCF1l0/UP1IosiuIjyTh7hBvXVMHYgVcfGvt897Xguj2UOLDeI5BG2m7/uwyaLVT6fbtCwTyzw==}
    engines: {iojs: '>=1.0.0', node: '>=0.10.0'}

  run-parallel@1.2.0:
    resolution: {integrity: sha512-5l4VyZR86LZ/lDxZTR6jqL8AFE2S0IFLMP26AbjsLVADxHdhB/c0GUsH+y39UfCi3dzz8OlQuPmnaJOMoDHQBA==}

  semver@7.5.4:
    resolution: {integrity: sha512-1bCSESV6Pv+i21Hvpxp3Dx+pSD8lIPt8uVjRrxAUt/nbswYc+tK6Y2btiULjd4+fnq15PX+nqQDC7Oft7WkwcA==}
    engines: {node: '>=10'}
    hasBin: true

  semver@7.8.5:
    resolution: {integrity: sha512-Y7/KDsb8LjooZpwaqGyulO6DQlksgCncchHGk+sZIY4SBvUocMBEFH5Ur1fI4dV+Jvl0w6cjvucaIi40puRioA==}
    engines: {node: '>=10'}
    hasBin: true

  to-regex-range@5.0.1:
    resolution: {integrity: sha512-65P7iz6X5yEr1cwcgvQxbbIw7Uk3gOy5dIdtZ4rDveLqhrdJP+Li/Hx6tyK0NEb+2GCyneCMJiGqrADCSNk8sQ==}
    engines: {node: '>=8.0'}

  turndown@7.2.4:
    resolution: {integrity: sha512-I8yFsfRzmzK0WV1pNNOA4A7y4RDfFxPRxb3t+e3ui14qSGOxGtiSP6GjeX+Y6CHb7HYaFj7ECUD7VE5kQMZWGQ==}
    engines: {node: '>=18', npm: '>=9'}

  vscode-jsonrpc@8.1.0:
    resolution: {integrity: sha512-6TDy/abTQk+zDGYazgbIPc+4JoXdwC8NHU9Pbn4UJP1fehUyZmM4RHp5IthX7A6L5KS30PRui+j+tbbMMMafdw==}
    engines: {node: '>=14.0.0'}

  vscode-languageclient@8.1.0:
    resolution: {integrity: sha512-GL4QdbYUF/XxQlAsvYWZRV3V34kOkpRlvV60/72ghHfsYFnS/v2MANZ9P6sHmxFcZKOse8O+L9G7Czg0NUWing==}
    engines: {vscode: ^1.67.0}

  vscode-languageserver-protocol@3.17.3:
    resolution: {integrity: sha512-924/h0AqsMtA5yK22GgMtCYiMdCOtWTSGgUOkgEDX+wk2b0x4sAfLiO4NxBxqbiVtz7K7/1/RgVrVI0NClZwqA==}

  vscode-languageserver-textdocument@1.0.14:
    resolution: {integrity: sha512-EQyqJMi552E4ZTf46izQ4Fj6XquqxCySR3J5ZSD1SisMf6RfpeOWHxGBE8Gr6V0/3GHIGdAzDn8F8+1nTGCnoQ==}

  vscode-languageserver-types@3.17.3:
    resolution: {integrity: sha512-SYU4z1dL0PyIMd4Vj8YOqFvHu7Hz/enbWtpfnVbJHU4Nd1YNYx8u0ennumc6h48GQNeOLxmwySmnADouT/AuZA==}

  vscode-languageserver@8.1.0:
    resolution: {integrity: sha512-eUt8f1z2N2IEUDBsKaNapkz7jl5QpskN2Y0G01T/ItMxBxw1fJwvtySGB9QMecatne8jFIWJGWI61dWjyTLQsw==}
    hasBin: true

  web-tree-sitter@0.27.0:
    resolution: {integrity: sha512-XK08gj6RwTMQatAG7uVRP8MunqotL/XC19vHgkSPKmELgbGPBj4ECvB8haHOUnyj6ls2B8t42UTro14zxGgAHg==}

  yallist@4.0.0:
    resolution: {integrity: sha512-3wdGidZyq5PB084XLES5TpOSRA3wjXAlIWMhum2kRcv/41Sn2emQ0dycQW4uZXLejwKvg6EsvbdlVL+FYEct7A==}

  zod@3.25.76:
    resolution: {integrity: sha512-gzUt/qt81nXsFGKIFcC3YnfEAx5NkunCfnDlvuBSSFS02bcXu4Lmea0AFIUwbLWxWPx3d9p8S5QoaujKcNQxcQ==}

snapshots:

  '@mixmark-io/domino@2.2.0': {}

  '@nodelib/fs.scandir@2.1.5':
    dependencies:
      '@nodelib/fs.stat': 2.0.5
      run-parallel: 1.2.0

  '@nodelib/fs.stat@2.0.5': {}

  '@nodelib/fs.walk@1.2.8':
    dependencies:
      '@nodelib/fs.scandir': 2.1.5
      fastq: 1.15.0

  '@one-ini/wasm@0.2.1': {}

  '@types/vscode@1.138.0': {}

  balanced-match@1.0.2: {}

  balanced-match@4.0.4: {}

  bash-language-server@5.7.0:
    dependencies:
      editorconfig: 3.0.2
      fast-glob: 3.3.3
      fuzzy-search: 3.2.1
      turndown: 7.2.4
      vscode-languageserver: 8.1.0
      vscode-languageserver-textdocument: 1.0.14
      web-tree-sitter: 0.27.0
      zod: 3.25.76

  brace-expansion@2.1.7:
    dependencies:
      balanced-match: 1.0.2

  brace-expansion@5.0.12:
    dependencies:
      balanced-match: 4.0.4

  braces@3.0.3:
    dependencies:
      fill-range: 7.1.1

  commander@14.0.3: {}

  editorconfig@3.0.2:
    dependencies:
      '@one-ini/wasm': 0.2.1
      commander: 14.0.3
      minimatch: 10.2.6
      semver: 7.8.5

  fast-glob@3.3.3:
    dependencies:
      '@nodelib/fs.stat': 2.0.5
      '@nodelib/fs.walk': 1.2.8
      glob-parent: 5.1.2
      merge2: 1.4.1
      micromatch: 4.0.8

  fastq@1.15.0:
    dependencies:
      reusify: 1.0.4

  fill-range@7.1.1:
    dependencies:
      to-regex-range: 5.0.1

  fuzzy-search@3.2.1: {}

  glob-parent@5.1.2:
    dependencies:
      is-glob: 4.0.3

  is-extglob@2.1.1: {}

  is-glob@4.0.3:
    dependencies:
      is-extglob: 2.1.1

  is-number@7.0.0: {}

  lru-cache@6.0.0:
    dependencies:
      yallist: 4.0.0

  merge2@1.4.1: {}

  micromatch@4.0.8:
    dependencies:
      braces: 3.0.3
      picomatch: 2.3.2

  minimatch@10.2.6:
    dependencies:
      brace-expansion: 5.0.12

  minimatch@5.1.9:
    dependencies:
      brace-expansion: 2.1.7

  picomatch@2.3.2: {}

  queue-microtask@1.2.3: {}

  reusify@1.0.4: {}

  run-parallel@1.2.0:
    dependencies:
      queue-microtask: 1.2.3

  semver@7.5.4:
    dependencies:
      lru-cache: 6.0.0

  semver@7.8.5: {}

  to-regex-range@5.0.1:
    dependencies:
      is-number: 7.0.0

  turndown@7.2.4:
    dependencies:
      '@mixmark-io/domino': 2.2.0

  vscode-jsonrpc@8.1.0: {}

  vscode-languageclient@8.1.0:
    dependencies:
      minimatch: 5.1.9
      semver: 7.5.4
      vscode-languageserver-protocol: 3.17.3

  vscode-languageserver-protocol@3.17.3:
    dependencies:
      vscode-jsonrpc: 8.1.0
      vscode-languageserver-types: 3.17.3

  vscode-languageserver-textdocument@1.0.14: {}

  vscode-languageserver-types@3.17.3: {}

  vscode-languageserver@8.1.0:
    dependencies:
      vscode-languageserver-protocol: 3.17.3

  web-tree-sitter@0.27.0: {}

  yallist@4.0.0: {}

  zod@3.25.76: {}
